// !$*UTF8*$!
{
	archiveVersion = 1;
	classes = {
	};
	objectVersion = 50;
	objects = {

/* Begin PBXBuildFile section */
		B64AD775232742C800E2F476 /* AppDelegate.swift in Sources */ = {isa = PBXBuildFile; fileRef = B64AD774232742C800E2F476 /* AppDelegate.swift */; };
		B64AD777232742C800E2F476 /* ViewController.swift in Sources */ = {isa = PBXBuildFile; fileRef = B64AD776232742C800E2F476 /* ViewController.swift */; };
		B64AD77A232742C800E2F476 /* Main.storyboard in Resources */ = {isa = PBXBuildFile; fileRef = B64AD778232742C800E2F476 /* Main.storyboard */; };
		B64AD77C232742CA00E2F476 /* Assets.xcassets in Resources */ = {isa = PBXBuildFile; fileRef = B64AD77B232742CA00E2F476 /* Assets.xcassets */; };
		B64AD77F232742CA00E2F476 /* LaunchScreen.storyboard in Resources */ = {isa = PBXBuildFile; fileRef = B64AD77D232742CA00E2F476 /* LaunchScreen.storyboard */; };
		B64AD784232742CA00E2F476 /* HeartrateTracker WatchKit App.app in Embed Watch Content */ = {isa = PBXBuildFile; fileRef = B64AD783232742CA00E2F476 /* HeartrateTracker WatchKit App.app */; };
		B64AD78A232742CA00E2F476 /* Interface.storyboard in Resources */ = {isa = PBXBuildFile; fileRef = B64AD788232742CA00E2F476 /* Interface.storyboard */; };
		B64AD78C232742CB00E2F476 /* Assets.xcassets in Resources */ = {isa = PBXBuildFile; fileRef = B64AD78B232742CB00E2F476 /* Assets.xcassets */; };
		B64AD793232742CB00E2F476 /* HeartrateTracker WatchKit Extension.appex in Embed App Extensions */ = {isa = PBXBuildFile; fileRef = B64AD792232742CB00E2F476 /* HeartrateTracker WatchKit Extension.appex */; settings = {ATTRIBUTES = (RemoveHeadersOnCopy, ); }; };
		B64AD798232742CB00E2F476 /* InterfaceController.swift in Sources */ = {isa = PBXBuildFile; fileRef = B64AD797232742CB00E2F476 /* InterfaceController.swift */; };
		B64AD79A232742CB00E2F476 /* ExtensionDelegate.swift in Sources */ = {isa = PBXBuildFile; fileRef = B64AD799232742CB00E2F476 /* ExtensionDelegate.swift */; };
		B64AD79C232742CC00E2F476 /* Assets.xcassets in Resources */ = {isa = PBXBuildFile; fileRef = B64AD79B232742CC00E2F476 /* Assets.xcassets */; };
		B64AD7B023274AA000E2F476 /* HealthKit.framework in Frameworks */ = {isa = PBXBuildFile; fileRef = B64AD7AF23274AA000E2F476 /* HealthKit.framework */; };
		B64AD7B223274AAB00E2F476 /* HealthKit.framework in Frameworks */ = {isa = PBXBuildFile; fileRef = B64AD7B123274AAB00E2F476 /* HealthKit.framework */; };
		B64AD7B523274B9700E2F476 /* HealthKitManager.swift in Sources */ = {isa = PBXBuildFile; fileRef = B64AD7B423274B9700E2F476 /* HealthKitManager.swift */; };
		B64AD7B72327505900E2F476 /* HealthKitManager.swift in Sources */ = {isa = PBXBuildFile; fileRef = B64AD7B423274B9700E2F476 /* HealthKitManager.swift */; };
/* End PBXBuildFile section */

/* Begin PBXContainerItemProxy section */
		B64AD785232742CA00E2F476 /* PBXContainerItemProxy */ = {
			isa = PBXContainerItemProxy;
			containerPortal = B64AD769232742C800E2F476 /* Project object */;
			proxyType = 1;
			remoteGlobalIDString = B64AD782232742CA00E2F476;
			remoteInfo = "HeartrateTracker WatchKit App";
		};
		B64AD794232742CB00E2F476 /* PBXContainerItemProxy */ = {
			isa = PBXContainerItemProxy;
			containerPortal = B64AD769232742C800E2F476 /* Project object */;
			proxyType = 1;
			remoteGlobalIDString = B64AD791232742CB00E2F476;
			remoteInfo = "HeartrateTracker WatchKit Extension";
		};
/* End PBXContainerItemProxy section */

/* Begin PBXCopyFilesBuildPhase section */
		B64AD7A3232742CC00E2F476 /* Embed App Extensions */ = {
			isa = PBXCopyFilesBuildPhase;
			buildActionMask = 2147483647;
			dstPath = "";
			dstSubfolderSpec = 13;
			files = (
				B64AD793232742CB00E2F476 /* HeartrateTracker WatchKit Extension.appex in Embed App Extensions */,
			);
			name = "Embed App Extensions";
			runOnlyForDeploymentPostprocessing = 0;
		};
		B64AD7A7232742CC00E2F476 /* Embed Watch Content */ = {
			isa = PBXCopyFilesBuildPhase;
			buildActionMask = 2147483647;
			dstPath = "$(CONTENTS_FOLDER_PATH)/Watch";
			dstSubfolderSpec = 16;
			files = (
				B64AD784232742CA00E2F476 /* HeartrateTracker WatchKit App.app in Embed Watch Content */,
			);
			name = "Embed Watch Content";
			runOnlyForDeploymentPostprocessing = 0;
		};
/* End PBXCopyFilesBuildPhase section */

/* Begin PBXFileReference section */
		B64AD771232742C800E2F476 /* HeartrateTracker.app */ = {isa = PBXFileReference; explicitFileType = wrapper.application; includeInIndex = 0; path = HeartrateTracker.app; sourceTree = BUILT_PRODUCTS_DIR; };
		B64AD774232742C800E2F476 /* AppDelegate.swift */ = {isa = PBXFileReference; lastKnownFileType = sourcecode.swift; path = AppDelegate.swift; sourceTree = "<group>"; };
		B64AD776232742C800E2F476 /* ViewController.swift */ = {isa = PBXFileReference; lastKnownFileType = sourcecode.swift; path = ViewController.swift; sourceTree = "<group>"; };
		B64AD779232742C800E2F476 /* Base */ = {isa = PBXFileReference; lastKnownFileType = file.storyboard; name = Base; path = Base.lproj/Main.storyboard; sourceTree = "<group>"; };
		B64AD77B232742CA00E2F476 /* Assets.xcassets */ = {isa = PBXFileReference; lastKnownFileType = folder.assetcatalog; path = Assets.xcassets; sourceTree = "<group>"; };
		B64AD77E232742CA00E2F476 /* Base */ = {isa = PBXFileReference; lastKnownFileType = file.storyboard; name = Base; path = Base.lproj/LaunchScreen.storyboard; sourceTree = "<group>"; };
		B64AD780232742CA00E2F476 /* Info.plist */ = {isa = PBXFileReference; lastKnownFileType = text.plist.xml; path = Info.plist; sourceTree = "<group>"; };
		B64AD783232742CA00E2F476 /* HeartrateTracker WatchKit App.app */ = {isa = PBXFileReference; explicitFileType = wrapper.application; includeInIndex = 0; path = "HeartrateTracker WatchKit App.app"; sourceTree = BUILT_PRODUCTS_DIR; };
		B64AD789232742CA00E2F476 /* Base */ = {isa = PBXFileReference; lastKnownFileType = file.storyboard; name = Base; path = Base.lproj/Interface.storyboard; sourceTree = "<group>"; };
		B64AD78B232742CB00E2F476 /* Assets.xcassets */ = {isa = PBXFileReference; lastKnownFileType = folder.assetcatalog; path = Assets.xcassets; sourceTree = "<group>"; };
		B64AD78D232742CB00E2F476 /* Info.plist */ = {isa = PBXFileReference; lastKnownFileType = text.plist.xml; path = Info.plist; sourceTree = "<group>"; };
		B64AD792232742CB00E2F476 /* HeartrateTracker WatchKit Extension.appex */ = {isa = PBXFileReference; explicitFileType = "wrapper.app-extension"; includeInIndex = 0; path = "HeartrateTracker WatchKit Extension.appex"; sourceTree = BUILT_PRODUCTS_DIR; };
		B64AD797232742CB00E2F476 /* InterfaceController.swift */ = {isa = PBXFileReference; lastKnownFileType = sourcecode.swift; path = InterfaceController.swift; sourceTree = "<group>"; };
		B64AD799232742CB00E2F476 /* ExtensionDelegate.swift */ = {isa = PBXFileReference; lastKnownFileType = sourcecode.swift; path = ExtensionDelegate.swift; sourceTree = "<group>"; };
		B64AD79B232742CC00E2F476 /* Assets.xcassets */ = {isa = PBXFileReference; lastKnownFileType = folder.assetcatalog; path = Assets.xcassets; sourceTree = "<group>"; };
		B64AD79D232742CC00E2F476 /* Info.plist */ = {isa = PBXFileReference; lastKnownFileType = text.plist.xml; path = Info.plist; sourceTree = "<group>"; };
		B64AD7AD23274AA000E2F476 /* HeartrateTracker.entitlements */ = {isa = PBXFileReference; lastKnownFileType = text.plist.entitlements; path = HeartrateTracker.entitlements; sourceTree = "<group>"; };
		B64AD7AF23274AA000E2F476 /* HealthKit.framework */ = {isa = PBXFileReference; lastKnownFileType = wrapper.framework; name = HealthKit.framework; path = System/Library/Frameworks/HealthKit.framework; sourceTree = SDKROOT; };
		B64AD7B123274AAB00E2F476 /* HealthKit.framework */ = {isa = PBXFileReference; lastKnownFileType = wrapper.framework; name = HealthKit.framework; path = Platforms/WatchOS.platform/Developer/SDKs/WatchOS5.3.sdk/System/Library/Frameworks/HealthKit.framework; sourceTree = DEVELOPER_DIR; };
		B64AD7B323274AAB00E2F476 /* HeartrateTracker WatchKit Extension.entitlements */ = {isa = PBXFileReference; lastKnownFileType = text.plist.entitlements; path = "HeartrateTracker WatchKit Extension.entitlements"; sourceTree = "<group>"; };
		B64AD7B423274B9700E2F476 /* HealthKitManager.swift */ = {isa = PBXFileReference; lastKnownFileType = sourcecode.swift; name = HealthKitManager.swift; path = ../HealthKitManager.swift; sourceTree = "<group>"; };
/* End PBXFileReference section */

/* Begin PBXFrameworksBuildPhase section */
		B64AD76E232742C800E2F476 /* Frameworks */ = {
			isa = PBXFrameworksBuildPhase;
			buildActionMask = 2147483647;
			files = (
				B64AD7B023274AA000E2F476 /* HealthKit.framework in Frameworks */,
			);
			runOnlyForDeploymentPostprocessing = 0;
		};
		B64AD78F232742CB00E2F476 /* Frameworks */ = {
			isa = PBXFrameworksBuildPhase;
			buildActionMask = 2147483647;
			files = (
				B64AD7B223274AAB00E2F476 /* HealthKit.framework in Frameworks */,
			);
			runOnlyForDeploymentPostprocessing = 0;
		};
/* End PBXFrameworksBuildPhase section */

/* Begin PBXGroup section */
		B64AD768232742C800E2F476 = {
			isa = PBXGroup;
			children = (
				B64AD773232742C800E2F476 /* HeartrateTracker */,
				B64AD787232742CA00E2F476 /* HeartrateTracker WatchKit App */,
				B64AD796232742CB00E2F476 /* HeartrateTracker WatchKit Extension */,
				B64AD7B62327500400E2F476 /* New Group */,
				B64AD772232742C800E2F476 /* Products */,
				B64AD7AE23274AA000E2F476 /* Frameworks */,
			);
			sourceTree = "<group>";
		};
		B64AD772232742C800E2F476 /* Products */ = {
			isa = PBXGroup;
			children = (
				B64AD771232742C800E2F476 /* HeartrateTracker.app */,
				B64AD783232742CA00E2F476 /* HeartrateTracker WatchKit App.app */,
				B64AD792232742CB00E2F476 /* HeartrateTracker WatchKit Extension.appex */,
			);
			name = Products;
			sourceTree = "<group>";
		};
		B64AD773232742C800E2F476 /* HeartrateTracker */ = {
			isa = PBXGroup;
			children = (
				B64AD7AD23274AA000E2F476 /* HeartrateTracker.entitlements */,
				B64AD774232742C800E2F476 /* AppDelegate.swift */,
				B64AD776232742C800E2F476 /* ViewController.swift */,
				B64AD778232742C800E2F476 /* Main.storyboard */,
				B64AD77B232742CA00E2F476 /* Assets.xcassets */,
				B64AD77D232742CA00E2F476 /* LaunchScreen.storyboard */,
				B64AD780232742CA00E2F476 /* Info.plist */,
			);
			path = HeartrateTracker;
			sourceTree = "<group>";
		};
		B64AD787232742CA00E2F476 /* HeartrateTracker WatchKit App */ = {
			isa = PBXGroup;
			children = (
				B64AD788232742CA00E2F476 /* Interface.storyboard */,
				B64AD78B232742CB00E2F476 /* Assets.xcassets */,
				B64AD78D232742CB00E2F476 /* Info.plist */,
			);
			path = "HeartrateTracker WatchKit App";
			sourceTree = "<group>";
		};
		B64AD796232742CB00E2F476 /* HeartrateTracker WatchKit Extension */ = {
			isa = PBXGroup;
			children = (
				B64AD7B323274AAB00E2F476 /* HeartrateTracker WatchKit Extension.entitlements */,
				B64AD797232742CB00E2F476 /* InterfaceController.swift */,
				B64AD799232742CB00E2F476 /* ExtensionDelegate.swift */,
				B64AD79B232742CC00E2F476 /* Assets.xcassets */,
				B64AD79D232742CC00E2F476 /* Info.plist */,
			);
			path = "HeartrateTracker WatchKit Extension";
			sourceTree = "<group>";
		};
		B64AD7AE23274AA000E2F476 /* Frameworks */ = {
			isa = PBXGroup;
			children = (
				B64AD7B123274AAB00E2F476 /* HealthKit.framework */,
				B64AD7AF23274AA000E2F476 /* HealthKit.framework */,
			);
			name = Frameworks;
			sourceTree = "<group>";
		};
		B64AD7B62327500400E2F476 /* New Group */ = {
			isa = PBXGroup;
			children = (
				B64AD7B423274B9700E2F476 /* HealthKitManager.swift */,
			);
			name = "New Group";
			path = "HeartrateTracker WatchKit Extension/New Group";
			sourceTree = "<group>";
		};
/* End PBXGroup section */

/* Begin PBXNativeTarget section */
		B64AD770232742C800E2F476 /* HeartrateTracker */ = {
			isa = PBXNativeTarget;
			buildConfigurationList = B64AD7A8232742CC00E2F476 /* Build configuration list for PBXNativeTarget "HeartrateTracker" */;
			buildPhases = (
				B64AD76D232742C800E2F476 /* Sources */,
				B64AD76E232742C800E2F476 /* Frameworks */,
				B64AD76F232742C800E2F476 /* Resources */,
				B64AD7A7232742CC00E2F476 /* Embed Watch Content */,
			);
			buildRules = (
			);
			dependencies = (
				B64AD786232742CA00E2F476 /* PBXTargetDependency */,
			);
			name = HeartrateTracker;
			productName = HeartrateTracker;
			productReference = B64AD771232742C800E2F476 /* HeartrateTracker.app */;
			productType = "com.apple.product-type.application";
		};
		B64AD782232742CA00E2F476 /* HeartrateTracker WatchKit App */ = {
			isa = PBXNativeTarget;
			buildConfigurationList = B64AD7A4232742CC00E2F476 /* Build configuration list for PBXNativeTarget "HeartrateTracker WatchKit App" */;
			buildPhases = (
				B64AD781232742CA00E2F476 /* Resources */,
				B64AD7A3232742CC00E2F476 /* Embed App Extensions */,
			);
			buildRules = (
			);
			dependencies = (
				B64AD795232742CB00E2F476 /* PBXTargetDependency */,
			);
			name = "HeartrateTracker WatchKit App";
			productName = "HeartrateTracker WatchKit App";
			productReference = B64AD783232742CA00E2F476 /* HeartrateTracker WatchKit App.app */;
			productType = "com.apple.product-type.application.watchapp2";
		};
		B64AD791232742CB00E2F476 /* HeartrateTracker WatchKit Extension */ = {
			isa = PBXNativeTarget;
			buildConfigurationList = B64AD7A0232742CC00E2F476 /* Build configuration list for PBXNativeTarget "HeartrateTracker WatchKit Extension" */;
			buildPhases = (
				B64AD78E232742CB00E2F476 /* Sources */,
				B64AD78F232742CB00E2F476 /* Frameworks */,
				B64AD790232742CB00E2F476 /* Resources */,
			);
			buildRules = (
			);
			dependencies = (
			);
			name = "HeartrateTracker WatchKit Extension";
			productName = "HeartrateTracker WatchKit Extension";
			productReference = B64AD792232742CB00E2F476 /* HeartrateTracker WatchKit Extension.appex */;
			productType = "com.apple.product-type.watchkit2-extension";
		};
/* End PBXNativeTarget section */

/* Begin PBXProject section */
		B64AD769232742C800E2F476 /* Project object */ = {
			isa = PBXProject;
			attributes = {
				LastSwiftUpdateCheck = 1030;
				LastUpgradeCheck = 1030;
				ORGANIZATIONNAME = "Dinesh Danda";
				TargetAttributes = {
					B64AD770232742C800E2F476 = {
						CreatedOnToolsVersion = 10.3;
						SystemCapabilities = {
							com.apple.HealthKit = {
								enabled = 1;
							};
						};
					};
					B64AD782232742CA00E2F476 = {
						CreatedOnToolsVersion = 10.3;
					};
					B64AD791232742CB00E2F476 = {
						CreatedOnToolsVersion = 10.3;
						SystemCapabilities = {
							com.apple.HealthKit.watchos = {
								enabled = 1;
							};
						};
					};
				};
			};
			buildConfigurationList = B64AD76C232742C800E2F476 /* Build configuration list for PBXProject "HeartrateTracker" */;
			compatibilityVersion = "Xcode 9.3";
			developmentRegion = en;
			hasScannedForEncodings = 0;
			knownRegions = (
				en,
				Base,
			);
			mainGroup = B64AD768232742C800E2F476;
			productRefGroup = B64AD772232742C800E2F476 /* Products */;
			projectDirPath = "";
			projectRoot = "";
			targets = (
				B64AD770232742C800E2F476 /* HeartrateTracker */,
				B64AD782232742CA00E2F476 /* HeartrateTracker WatchKit App */,
				B64AD791232742CB00E2F476 /* HeartrateTracker WatchKit Extension */,
			);
		};
/* End PBXProject section */

/* Begin PBXResourcesBuildPhase section */
		B64AD76F232742C800E2F476 /* Resources */ = {
			isa = PBXResourcesBuildPhase;
			buildActionMask = 2147483647;
			files = (
				B64AD77F232742CA00E2F476 /* LaunchScreen.storyboard in Resources */,
				B64AD77C232742CA00E2F476 /* Assets.xcassets in Resources */,
				B64AD77A232742C800E2F476 /* Main.storyboard in Resources */,
			);
			runOnlyForDeploymentPostprocessing = 0;
		};
		B64AD781232742CA00E2F476 /* Resources */ = {
			isa = PBXResourcesBuildPhase;
			buildActionMask = 2147483647;
			files = (
				B64AD78C232742CB00E2F476 /* Assets.xcassets in Resources */,
				B64AD78A232742CA00E2F476 /* Interface.storyboard in Resources */,
			);
			runOnlyForDeploymentPostprocessing = 0;
		};
		B64AD790232742CB00E2F476 /* Resources */ = {
			isa = PBXResourcesBuildPhase;
			buildActionMask = 2147483647;
			files = (
				B64AD79C232742CC00E2F476 /* Assets.xcassets in Resources */,
			);
			runOnlyForDeploymentPostprocessing = 0;
		};
/* End PBXResourcesBuildPhase section */

/* Begin PBXSourcesBuildPhase section */
		B64AD76D232742C800E2F476 /* Sources */ = {
			isa = PBXSourcesBuildPhase;
			buildActionMask = 2147483647;
			files = (
				B64AD777232742C800E2F476 /* ViewController.swift in Sources */,
				B64AD775232742C800E2F476 /* AppDelegate.swift in Sources */,
				B64AD7B72327505900E2F476 /* HealthKitManager.swift in Sources */,
			);
			runOnlyForDeploymentPostprocessing = 0;
		};
		B64AD78E232742CB00E2F476 /* Sources */ = {
			isa = PBXSourcesBuildPhase;
			buildActionMask = 2147483647;
			files = (
				B64AD79A232742CB00E2F476 /* ExtensionDelegate.swift in Sources */,
				B64AD798232742CB00E2F476 /* InterfaceController.swift in Sources */,
				B64AD7B523274B9700E2F476 /* HealthKitManager.swift in Sources */,
			);
			runOnlyForDeploymentPostprocessing = 0;
		};
/* End PBXSourcesBuildPhase section */

/* Begin PBXTargetDependency section */
		B64AD786232742CA00E2F476 /* PBXTargetDependency */ = {
			isa = PBXTargetDependency;
			target = B64AD782232742CA00E2F476 /* HeartrateTracker WatchKit App */;
			targetProxy = B64AD785232742CA00E2F476 /* PBXContainerItemProxy */;
		};
		B64AD795232742CB00E2F476 /* PBXTargetDependency */ = {
			isa = PBXTargetDependency;
			target = B64AD791232742CB00E2F476 /* HeartrateTracker WatchKit Extension */;
			targetProxy = B64AD794232742CB00E2F476 /* PBXContainerItemProxy */;
		};
/* End PBXTargetDependency section */

/* Begin PBXVariantGroup section */
		B64AD778232742C800E2F476 /* Main.storyboard */ = {
			isa = PBXVariantGroup;
			children = (
				B64AD779232742C800E2F476 /* Base */,
			);
			name = Main.storyboard;
			sourceTree = "<group>";
		};
		B64AD77D232742CA00E2F476 /* LaunchScreen.storyboard */ = {
			isa = PBXVariantGroup;
			children = (
				B64AD77E232742CA00E2F476 /* Base */,
			);
			name = LaunchScreen.storyboard;
			sourceTree = "<group>";
		};
		B64AD788232742CA00E2F476 /* Interface.storyboard */ = {
			isa = PBXVariantGroup;
			children = (
				B64AD789232742CA00E2F476 /* Base */,
			);
			name = Interface.storyboard;
			sourceTree = "<group>";
		};
/* End PBXVariantGroup section */

/* Begin XCBuildConfiguration section */
		B64AD79E232742CC00E2F476 /* Debug */ = {
			isa = XCBuildConfiguration;
			buildSettings = {
				ALWAYS_SEARCH_USER_PATHS = NO;
				CLANG_ANALYZER_NONNULL = YES;
				CLANG_ANALYZER_NUMBER_OBJECT_CONVERSION = YES_AGGRESSIVE;
				CLANG_CXX_LANGUAGE_STANDARD = "gnu++14";
				CLANG_CXX_LIBRARY = "libc++";
				CLANG_ENABLE_MODULES = YES;
				CLANG_ENABLE_OBJC_ARC = YES;
				CLANG_ENABLE_OBJC_WEAK = YES;
				CLANG_WARN_BLOCK_CAPTURE_AUTORELEASING = YES;
				CLANG_WARN_BOOL_CONVERSION = YES;
				CLANG_WARN_COMMA = YES;
				CLANG_WARN_CONSTANT_CONVERSION = YES;
				CLANG_WARN_DEPRECATED_OBJC_IMPLEMENTATIONS = YES;
				CLANG_WARN_DIRECT_OBJC_ISA_USAGE = YES_ERROR;
				CLANG_WARN_DOCUMENTATION_COMMENTS = YES;
				CLANG_WARN_EMPTY_BODY = YES;
				CLANG_WARN_ENUM_CONVERSION = YES;
				CLANG_WARN_INFINITE_RECURSION = YES;
				CLANG_WARN_INT_CONVERSION = YES;
				CLANG_WARN_NON_LITERAL_NULL_CONVERSION = YES;
				CLANG_WARN_OBJC_IMPLICIT_RETAIN_SELF = YES;
				CLANG_WARN_OBJC_LITERAL_CONVERSION = YES;
				CLANG_WARN_OBJC_ROOT_CLASS = YES_ERROR;
				CLANG_WARN_RANGE_LOOP_ANALYSIS = YES;
				CLANG_WARN_STRICT_PROTOTYPES = YES;
				CLANG_WARN_SUSPICIOUS_MOVE = YES;
				CLANG_WARN_UNGUARDED_AVAILABILITY = YES_AGGRESSIVE;
				CLANG_WARN_UNREACHABLE_CODE = YES;
				CLANG_WARN__DUPLICATE_METHOD_MATCH = YES;
				CODE_SIGN_IDENTITY = "iPhone Developer";
				COPY_PHASE_STRIP = NO;
				DEBUG_INFORMATION_FORMAT = dwarf;
				ENABLE_STRICT_OBJC_MSGSEND = YES;
				ENABLE_TESTABILITY = YES;
				GCC_C_LANGUAGE_STANDARD = gnu11;
				GCC_DYNAMIC_NO_PIC = NO;
				GCC_NO_COMMON_BLOCKS = YES;
				GCC_OPTIMIZATION_LEVEL = 0;
				GCC_PREPROCESSOR_DEFINITIONS = (
					"DEBUG=1",
					"$(inherited)",
				);
				GCC_WARN_64_TO_32_BIT_CONVERSION = YES;
				GCC_WARN_ABOUT_RETURN_TYPE = YES_ERROR;
				GCC_WARN_UNDECLARED_SELECTOR = YES;
				GCC_WARN_UNINITIALIZED_AUTOS = YES_AGGRESSIVE;
				GCC_WARN_UNUSED_FUNCTION = YES;
				GCC_WARN_UNUSED_VARIABLE = YES;
				IPHONEOS_DEPLOYMENT_TARGET = 12.4;
				MTL_ENABLE_DEBUG_INFO = INCLUDE_SOURCE;
				MTL_FAST_MATH = YES;
				ONLY_ACTIVE_ARCH = YES;
				SDKROOT = iphoneos;
				SWIFT_ACTIVE_COMPILATION_CONDITIONS = DEBUG;
				SWIFT_OPTIMIZATION_LEVEL = "-Onone";
			};
			name = Debug;
		};
		B64AD79F232742CC00E2F476 /* Release */ = {
			isa = XCBuildConfiguration;
			buildSettings = {
				ALWAYS_SEARCH_USER_PATHS = NO;
				CLANG_ANALYZER_NONNULL = YES;
				CLANG_ANALYZER_NUMBER_OBJECT_CONVERSION = YES_AGGRESSIVE;
				CLANG_CXX_LANGUAGE_STANDARD = "gnu++14";
				CLANG_CXX_LIBRARY = "libc++";
				CLANG_ENABLE_MODULES = YES;
				CLANG_ENABLE_OBJC_ARC = YES;
				CLANG_ENABLE_OBJC_WEAK = YES;
				CLANG_WARN_BLOCK_CAPTURE_AUTORELEASING = YES;
				CLANG_WARN_BOOL_CONVERSION = YES;
				CLANG_WARN_COMMA = YES;
				CLANG_WARN_CONSTANT_CONVERSION = YES;
				CLANG_WARN_DEPRECATED_OBJC_IMPLEMENTATIONS = YES;
				CLANG_WARN_DIRECT_OBJC_ISA_USAGE = YES_ERROR;
				CLANG_WARN_DOCUMENTATION_COMMENTS = YES;
				CLANG_WARN_EMPTY_BODY = YES;
				CLANG_WARN_ENUM_CONVERSION = YES;
				CLANG_WARN_INFINITE_RECURSION = YES;
				CLANG_WARN_INT_CONVERSION = YES;
				CLANG_WARN_NON_LITERAL_NULL_CONVERSION = YES;
				CLANG_WARN_OBJC_IMPLICIT_RETAIN_SELF = YES;
				CLANG_WARN_OBJC_LITERAL_CONVERSION = YES;
				CLANG_WARN_OBJC_ROOT_CLASS = YES_ERROR;
				CLANG_WARN_RANGE_LOOP_ANALYSIS = YES;
				CLANG_WARN_STRICT_PROTOTYPES = YES;
				CLANG_WARN_SUSPICIOUS_MOVE = YES;
				CLANG_WARN_UNGUARDED_AVAILABILITY = YES_AGGRESSIVE;
				CLANG_WARN_UNREACHABLE_CODE = YES;
				CLANG_WARN__DUPLICATE_METHOD_MATCH = YES;
				CODE_SIGN_IDENTITY = "iPhone Developer";
				COPY_PHASE_STRIP = NO;
				DEBUG_INFORMATION_FORMAT = "dwarf-with-dsym";
				ENABLE_NS_ASSERTIONS = NO;
				ENABLE_STRICT_OBJC_MSGSEND = YES;
				GCC_C_LANGUAGE_STANDARD = gnu11;
				GCC_NO_COMMON_BLOCKS = YES;
				GCC_WARN_64_TO_32_BIT_CONVERSION = YES;
				GCC_WARN_ABOUT_RETURN_TYPE = YES_ERROR;
				GCC_WARN_UNDECLARED_SELECTOR = YES;
				GCC_WARN_UNINITIALIZED_AUTOS = YES_AGGRESSIVE;
				GCC_WARN_UNUSED_FUNCTION = YES;
				GCC_WARN_UNUSED_VARIABLE = YES;
				IPHONEOS_DEPLOYMENT_TARGET = 12.4;
				MTL_ENABLE_DEBUG_INFO = NO;
				MTL_FAST_MATH = YES;
				SDKROOT = iphoneos;
				SWIFT_COMPILATION_MODE = wholemodule;
				SWIFT_OPTIMIZATION_LEVEL = "-O";
				VALIDATE_PRODUCT = YES;
			};
			name = Release;
		};
		B64AD7A1232742CC00E2F476 /* Debug */ = {
			isa = XCBuildConfiguration;
			buildSettings = {
				ASSETCATALOG_COMPILER_COMPLICATION_NAME = Complication;
				CODE_SIGN_ENTITLEMENTS = "HeartrateTracker WatchKit Extension/HeartrateTracker WatchKit Extension.entitlements";
				CODE_SIGN_STYLE = Automatic;
				DEVELOPMENT_TEAM = EEGRNAPU89;
				INFOPLIST_FILE = "HeartrateTracker WatchKit Extension/Info.plist";
				LD_RUNPATH_SEARCH_PATHS = (
					"$(inherited)",
					"@executable_path/Frameworks",
					"@executable_path/../../Frameworks",
				);
				PRODUCT_BUNDLE_IDENTIFIER = com.HeartrateTracker.watchkitapp.watchkitextension;
				PRODUCT_NAME = "${TARGET_NAME}";
				SDKROOT = watchos;
				SKIP_INSTALL = YES;
				SWIFT_VERSION = 5.0;
				TARGETED_DEVICE_FAMILY = 4;
				WATCHOS_DEPLOYMENT_TARGET = 5.3;
			};
			name = Debug;
		};
		B64AD7A2232742CC00E2F476 /* Release */ = {
			isa = XCBuildConfiguration;
			buildSettings = {
				ASSETCATALOG_COMPILER_COMPLICATION_NAME = Complication;
				CODE_SIGN_ENTITLEMENTS = "HeartrateTracker WatchKit Extension/HeartrateTracker WatchKit Extension.entitlements";
				CODE_SIGN_STYLE = Automatic;
				DEVELOPMENT_TEAM = EEGRNAPU89;
				INFOPLIST_FILE = "HeartrateTracker WatchKit Extension/Info.plist";
				LD_RUNPATH_SEARCH_PATHS = (
					"$(inherited)",
					"@executable_path/Frameworks",
					"@executable_path/../../Frameworks",
				);
				PRODUCT_BUNDLE_IDENTIFIER = com.HeartrateTracker.watchkitapp.watchkitextension;
				PRODUCT_NAME = "${TARGET_NAME}";
				SDKROOT = watchos;
				SKIP_INSTALL = YES;
				SWIFT_VERSION = 5.0;
				TARGETED_DEVICE_FAMILY = 4;
				WATCHOS_DEPLOYMENT_TARGET = 5.3;
			};
			name = Release;
		};
		B64AD7A5232742CC00E2F476 /* Debug */ = {
			isa = XCBuildConfiguration;
			buildSettings = {
				ALWAYS_EMBED_SWIFT_STANDARD_LIBRARIES = YES;
				ASSETCATALOG_COMPILER_APPICON_NAME = AppIcon;
				CODE_SIGN_STYLE = Automatic;
				DEVELOPMENT_TEAM = EEGRNAPU89;
				IBSC_MODULE = HeartrateTracker_WatchKit_Extension;
				INFOPLIST_FILE = "HeartrateTracker WatchKit App/Info.plist";
				PRODUCT_BUNDLE_IDENTIFIER = com.HeartrateTracker.watchkitapp;
				PRODUCT_NAME = "$(TARGET_NAME)";
				SDKROOT = watchos;
				SKIP_INSTALL = YES;
				SWIFT_VERSION = 5.0;
				TARGETED_DEVICE_FAMILY = 4;
				WATCHOS_DEPLOYMENT_TARGET = 5.3;
			};
			name = Debug;
		};
		B64AD7A6232742CC00E2F476 /* Release */ = {
			isa = XCBuildConfiguration;
			buildSettings = {
				ALWAYS_EMBED_SWIFT_STANDARD_LIBRARIES = YES;
				ASSETCATALOG_COMPILER_APPICON_NAME = AppIcon;
				CODE_SIGN_STYLE = Automatic;
				DEVELOPMENT_TEAM = EEGRNAPU89;
				IBSC_MODULE = HeartrateTracker_WatchKit_Extension;
				INFOPLIST_FILE = "HeartrateTracker WatchKit App/Info.plist";
				PRODUCT_BUNDLE_IDENTIFIER = com.HeartrateTracker.watchkitapp;
				PRODUCT_NAME = "$(TARGET_NAME)";
				SDKROOT = watchos;
				SKIP_INSTALL = YES;
				SWIFT_VERSION = 5.0;
				TARGETED_DEVICE_FAMILY = 4;
				WATCHOS_DEPLOYMENT_TARGET = 5.3;
			};
			name = Release;
		};
		B64AD7A9232742CC00E2F476 /* Debug */ = {
			isa = XCBuildConfiguration;
			buildSettings = {
				ASSETCATALOG_COMPILER_APPICON_NAME = AppIcon;
				CODE_SIGN_ENTITLEMENTS = HeartrateTracker/HeartrateTracker.entitlements;
				CODE_SIGN_STYLE = Automatic;
				DEVELOPMENT_TEAM = EEGRNAPU89;
				INFOPLIST_FILE = HeartrateTracker/Info.plist;
				LD_RUNPATH_SEARCH_PATHS = (
					"$(inherited)",
					"@executable_path/Frameworks",
				);
				PRODUCT_BUNDLE_IDENTIFIER = com.HeartrateTracker;
				PRODUCT_NAME = "$(TARGET_NAME)";
				SWIFT_VERSION = 5.0;
				TARGETED_DEVICE_FAMILY = "1,2";
			};
			name = Debug;
		};
		B64AD7AA232742CC00E2F476 /* Release */ = {
			isa = XCBuildConfiguration;
			buildSettings = {
				ASSETCATALOG_COMPILER_APPICON_NAME = AppIcon;
				CODE_SIGN_ENTITLEMENTS = HeartrateTracker/HeartrateTracker.entitlements;
				CODE_SIGN_STYLE = Automatic;
				DEVELOPMENT_TEAM = EEGRNAPU89;
				INFOPLIST_FILE = HeartrateTracker/Info.plist;
				LD_RUNPATH_SEARCH_PATHS = (
					"$(inherited)",
					"@executable_path/Frameworks",
				);
				PRODUCT_BUNDLE_IDENTIFIER = com.HeartrateTracker;
				PRODUCT_NAME = "$(TARGET_NAME)";
				SWIFT_VERSION = 5.0;
				TARGETED_DEVICE_FAMILY = "1,2";
			};
			name = Release;
		};
/* End XCBuildConfiguration section */

/* Begin XCConfigurationList section */
		B64AD76C232742C800E2F476 /* Build configuration list for PBXProject "HeartrateTracker" */ = {
			isa = XCConfigurationList;
			buildConfigurations = (
				B64AD79E232742CC00E2F476 /* Debug */,
				B64AD79F232742CC00E2F476 /* Release */,
			);
			defaultConfigurationIsVisible = 0;
			defaultConfigurationName = Release;
		};
		B64AD7A0232742CC00E2F476 /* Build configuration list for PBXNativeTarget "HeartrateTracker WatchKit Extension" */ = {
			isa = XCConfigurationList;
			buildConfigurations = (
				B64AD7A1232742CC00E2F476 /* Debug */,
				B64AD7A2232742CC00E2F476 /* Release */,
			);
			defaultConfigurationIsVisible = 0;
			defaultConfigurationName = Release;
		};
		B64AD7A4232742CC00E2F476 /* Build configuration list for PBXNativeTarget "HeartrateTracker WatchKit App" */ = {
			isa = XCConfigurationList;
			buildConfigurations = (
				B64AD7A5232742CC00E2F476 /* Debug */,
				B64AD7A6232742CC00E2F476 /* Release */,
			);
			defaultConfigurationIsVisible = 0;
			defaultConfigurationName = Release;
		};
		B64AD7A8232742CC00E2F476 /* Build configuration list for PBXNativeTarget "HeartrateTracker" */ = {
			isa = XCConfigurationList;
			buildConfigurations = (
				B64AD7A9232742CC00E2F476 /* Debug */,
				B64AD7AA232742CC00E2F476 /* Release */,
			);
			defaultConfigurationIsVisible = 0;
			defaultConfigurationName = Release;
		};
/* End XCConfigurationList section */
	};
	rootObject = B64AD769232742C800E2F476 /* Project object */;
}
